
Microsoft Visual Studio Solution File, Format Version 12.00
# Visual Studio Version 16
VisualStudioVersion = 16.0.31205.134
MinimumVisualStudioVersion = 10.0.40219.1
Project("{FAE04EC0-301F-11D3-BF4B-00C04F79EFBC}") = "Iniciando", "Iniciando\Iniciando.csproj", "{79F198A8-B78E-4970-AB9B-B2206D45CE2B}"
EndProject
Global
	GlobalSection(SolutionConfigurationPlatforms) = preSolution
		Debug|Any CPU = Debug|Any CPU
		Release|Any CPU = Release|Any CPU
	EndGlobalSection
	GlobalSection(ProjectConfigurationPlatforms) = postSolution
		{79F198A8-B78E-4970-AB9B-B2206D45CE2B}.Debug|Any CPU.ActiveCfg = Debug|Any CPU
		{79F198A8-B78E-4970-AB9B-B2206D45CE2B}.Debug|Any CPU.Build.0 = Debug|Any CPU
		{79F198A8-B78E-4970-AB9B-B2206D45CE2B}.Release|Any CPU.ActiveCfg = Release|Any CPU
		{79F198A8-B78E-4970-AB9B-B2206D45CE2B}.Release|Any CPU.Build.0 = Release|Any CPU
	EndGlobalSection
	GlobalSection(SolutionProperties) = preSolution
		HideSolutionNode = FALSE
	EndGlobalSection
	GlobalSection(ExtensibilityGlobals) = postSolution
		SolutionGuid = {872B3CC4-1FC5-47EE-8881-6A145B327A75}
	EndGlobalSection
EndGlobal
